
Microsoft Visual Studio Solution File, Format Version 12.00
# Visual Studio Version 17
VisualStudioVersion = 17.12.35707.178 d17.12
MinimumVisualStudioVersion = 10.0.40219.1
Project("{FAE04EC0-301F-11D3-BF4B-00C04F79EFBC}") = "ECommerce_Application", "ECommerce_Application\ECommerce_Application.csproj", "{016C9A65-F2FD-405A-BB39-EBFF309AE857}"
EndProject
Project("{FAE04EC0-301F-11D3-BF4B-00C04F79EFBC}") = "Product.nUnitTest", "Product.nUnitTest\Product.nUnitTest.csproj", "{8C50CAC6-DB44-40E9-B86F-71033CCF73FF}"
EndProject
Global
	GlobalSection(SolutionConfigurationPlatforms) = preSolution
		Debug|Any CPU = Debug|Any CPU
		Release|Any CPU = Release|Any CPU
	EndGlobalSection
	GlobalSection(ProjectConfigurationPlatforms) = postSolution
		{016C9A65-F2FD-405A-BB39-EBFF309AE857}.Debug|Any CPU.ActiveCfg = Debug|Any CPU
		{016C9A65-F2FD-405A-BB39-EBFF309AE857}.Debug|Any CPU.Build.0 = Debug|Any CPU
		{016C9A65-F2FD-405A-BB39-EBFF309AE857}.Release|Any CPU.ActiveCfg = Release|Any CPU
		{016C9A65-F2FD-405A-BB39-EBFF309AE857}.Release|Any CPU.Build.0 = Release|Any CPU
		{8C50CAC6-DB44-40E9-B86F-71033CCF73FF}.Debug|Any CPU.ActiveCfg = Debug|Any CPU
		{8C50CAC6-DB44-40E9-B86F-71033CCF73FF}.Debug|Any CPU.Build.0 = Debug|Any CPU
		{8C50CAC6-DB44-40E9-B86F-71033CCF73FF}.Release|Any CPU.ActiveCfg = Release|Any CPU
		{8C50CAC6-DB44-40E9-B86F-71033CCF73FF}.Release|Any CPU.Build.0 = Release|Any CPU
	EndGlobalSection
	GlobalSection(SolutionProperties) = preSolution
		HideSolutionNode = FALSE
	EndGlobalSection
EndGlobal
